
Microsoft Visual Studio Solution File, Format Version 12.00
# Visual Studio 15
VisualStudioVersion = 15.0.28307.1022
MinimumVisualStudioVersion = 10.0.40219.1
Project("{FAE04EC0-301F-11D3-BF4B-00C04F79EFBC}") = "BankInterest", "BankInterest\BankInterest.csproj", "{AF3396D6-F706-4EFE-BDF1-E7359CFB2079}"
EndProject
Global
	GlobalSection(SolutionConfigurationPlatforms) = preSolution
		Debug|Any CPU = Debug|Any CPU
		Release|Any CPU = Release|Any CPU
	EndGlobalSection
	GlobalSection(ProjectConfigurationPlatforms) = postSolution
		{AF3396D6-F706-4EFE-BDF1-E7359CFB2079}.Debug|Any CPU.ActiveCfg = Debug|Any CPU
		{AF3396D6-F706-4EFE-BDF1-E7359CFB2079}.Debug|Any CPU.Build.0 = Debug|Any CPU
		{AF3396D6-F706-4EFE-BDF1-E7359CFB2079}.Release|Any CPU.ActiveCfg = Release|Any CPU
		{AF3396D6-F706-4EFE-BDF1-E7359CFB2079}.Release|Any CPU.Build.0 = Release|Any CPU
	EndGlobalSection
	GlobalSection(SolutionProperties) = preSolution
		HideSolutionNode = FALSE
	EndGlobalSection
	GlobalSection(ExtensibilityGlobals) = postSolution
		SolutionGuid = {779A21E5-E765-416F-87E7-A5799BDCDE34}
	EndGlobalSection
EndGlobal
